
Microsoft Visual Studio Solution File, Format Version 12.00
# Visual Studio Version 17
VisualStudioVersion = 17.0.31612.314
MinimumVisualStudioVersion = 10.0.40219.1
Project("{FAE04EC0-301F-11D3-BF4B-00C04F79EFBC}") = "WinForm-09072021", "WinForm-09072021\WinForm-09072021.csproj", "{B4A02731-4FD7-4EC0-9FF8-8FF553A4CECB}"
EndProject
Global
	GlobalSection(SolutionConfigurationPlatforms) = preSolution
		Debug|Any CPU = Debug|Any CPU
		Release|Any CPU = Release|Any CPU
	EndGlobalSection
	GlobalSection(ProjectConfigurationPlatforms) = postSolution
		{B4A02731-4FD7-4EC0-9FF8-8FF553A4CECB}.Debug|Any CPU.ActiveCfg = Debug|Any CPU
		{B4A02731-4FD7-4EC0-9FF8-8FF553A4CECB}.Debug|Any CPU.Build.0 = Debug|Any CPU
		{B4A02731-4FD7-4EC0-9FF8-8FF553A4CECB}.Release|Any CPU.ActiveCfg = Release|Any CPU
		{B4A02731-4FD7-4EC0-9FF8-8FF553A4CECB}.Release|Any CPU.Build.0 = Release|Any CPU
	EndGlobalSection
	GlobalSection(SolutionProperties) = preSolution
		HideSolutionNode = FALSE
	EndGlobalSection
	GlobalSection(ExtensibilityGlobals) = postSolution
		SolutionGuid = {DA471E41-C423-4262-A1A8-89E55F114CD2}
	EndGlobalSection
EndGlobal
