
Microsoft Visual Studio Solution File, Format Version 12.00
# Visual Studio Version 17
VisualStudioVersion = 17.0.31912.275
MinimumVisualStudioVersion = 10.0.40219.1
Project("{FAE04EC0-301F-11D3-BF4B-00C04F79EFBC}") = "WebServiceClient", "WebServiceClient\WebServiceClient.csproj", "{8322534A-C8A7-45F3-A6CF-F116D297BB3A}"
EndProject
Global
	GlobalSection(SolutionConfigurationPlatforms) = preSolution
		Debug|Any CPU = Debug|Any CPU
		Release|Any CPU = Release|Any CPU
	EndGlobalSection
	GlobalSection(ProjectConfigurationPlatforms) = postSolution
		{8322534A-C8A7-45F3-A6CF-F116D297BB3A}.Debug|Any CPU.ActiveCfg = Debug|Any CPU
		{8322534A-C8A7-45F3-A6CF-F116D297BB3A}.Debug|Any CPU.Build.0 = Debug|Any CPU
		{8322534A-C8A7-45F3-A6CF-F116D297BB3A}.Release|Any CPU.ActiveCfg = Release|Any CPU
		{8322534A-C8A7-45F3-A6CF-F116D297BB3A}.Release|Any CPU.Build.0 = Release|Any CPU
	EndGlobalSection
	GlobalSection(SolutionProperties) = preSolution
		HideSolutionNode = FALSE
	EndGlobalSection
	GlobalSection(ExtensibilityGlobals) = postSolution
		SolutionGuid = {FA46427F-41C5-45B6-A0BA-9A9C9018241E}
	EndGlobalSection
EndGlobal
