
Microsoft Visual Studio Solution File, Format Version 12.00
# Visual Studio Version 17
VisualStudioVersion = 17.0.31903.59
MinimumVisualStudioVersion = 10.0.40219.1
Project("{FAE04EC0-301F-11D3-BF4B-00C04F79EFBC}") = "buchwasa_Assignment12", "buchwasa_Assignment12\buchwasa_Assignment12.csproj", "{182180FE-E770-441E-9900-7A794101A562}"
EndProject
Project("{FAE04EC0-301F-11D3-BF4B-00C04F79EFBC}") = "Math", "Math\Math.csproj", "{FB8C9F59-E84F-4748-9C52-D0CA831FF9EB}"
EndProject
Global
	GlobalSection(SolutionConfigurationPlatforms) = preSolution
		Debug|Any CPU = Debug|Any CPU
		Release|Any CPU = Release|Any CPU
	EndGlobalSection
	GlobalSection(ProjectConfigurationPlatforms) = postSolution
		{182180FE-E770-441E-9900-7A794101A562}.Debug|Any CPU.ActiveCfg = Debug|Any CPU
		{182180FE-E770-441E-9900-7A794101A562}.Debug|Any CPU.Build.0 = Debug|Any CPU
		{182180FE-E770-441E-9900-7A794101A562}.Release|Any CPU.ActiveCfg = Release|Any CPU
		{182180FE-E770-441E-9900-7A794101A562}.Release|Any CPU.Build.0 = Release|Any CPU
		{FB8C9F59-E84F-4748-9C52-D0CA831FF9EB}.Debug|Any CPU.ActiveCfg = Debug|Any CPU
		{FB8C9F59-E84F-4748-9C52-D0CA831FF9EB}.Debug|Any CPU.Build.0 = Debug|Any CPU
		{FB8C9F59-E84F-4748-9C52-D0CA831FF9EB}.Release|Any CPU.ActiveCfg = Release|Any CPU
		{FB8C9F59-E84F-4748-9C52-D0CA831FF9EB}.Release|Any CPU.Build.0 = Release|Any CPU
	EndGlobalSection
	GlobalSection(SolutionProperties) = preSolution
		HideSolutionNode = FALSE
	EndGlobalSection
	GlobalSection(ExtensibilityGlobals) = postSolution
		SolutionGuid = {53D6DFD9-6B91-49A5-8E5B-3CA2966586CA}
	EndGlobalSection
EndGlobal
