
Microsoft Visual Studio Solution File, Format Version 12.00
# Visual Studio Version 17
VisualStudioVersion = 17.0.31710.8
MinimumVisualStudioVersion = 10.0.40219.1
Project("{FAE04EC0-301F-11D3-BF4B-00C04F79EFBC}") = "buchwasa_Assignment03", "buchwasa_Assignment03\buchwasa_Assignment03.csproj", "{C9B2AB59-A62E-4068-9A72-5FB14E57D3A9}"
	ProjectSection(ProjectDependencies) = postProject
		{EEC0FEDF-F8EF-4FE6-AC2D-7C40AB8ECC4B} = {EEC0FEDF-F8EF-4FE6-AC2D-7C40AB8ECC4B}
	EndProjectSection
EndProject
Project("{FAE04EC0-301F-11D3-BF4B-00C04F79EFBC}") = "PrimeNumberChecker", "PrimeNumberChecker\PrimeNumberChecker.csproj", "{EEC0FEDF-F8EF-4FE6-AC2D-7C40AB8ECC4B}"
EndProject
Global
	GlobalSection(SolutionConfigurationPlatforms) = preSolution
		Debug|Any CPU = Debug|Any CPU
		Release|Any CPU = Release|Any CPU
	EndGlobalSection
	GlobalSection(ProjectConfigurationPlatforms) = postSolution
		{C9B2AB59-A62E-4068-9A72-5FB14E57D3A9}.Debug|Any CPU.ActiveCfg = Debug|Any CPU
		{C9B2AB59-A62E-4068-9A72-5FB14E57D3A9}.Debug|Any CPU.Build.0 = Debug|Any CPU
		{C9B2AB59-A62E-4068-9A72-5FB14E57D3A9}.Release|Any CPU.ActiveCfg = Release|Any CPU
		{C9B2AB59-A62E-4068-9A72-5FB14E57D3A9}.Release|Any CPU.Build.0 = Release|Any CPU
		{EEC0FEDF-F8EF-4FE6-AC2D-7C40AB8ECC4B}.Debug|Any CPU.ActiveCfg = Debug|Any CPU
		{EEC0FEDF-F8EF-4FE6-AC2D-7C40AB8ECC4B}.Debug|Any CPU.Build.0 = Debug|Any CPU
		{EEC0FEDF-F8EF-4FE6-AC2D-7C40AB8ECC4B}.Release|Any CPU.ActiveCfg = Release|Any CPU
		{EEC0FEDF-F8EF-4FE6-AC2D-7C40AB8ECC4B}.Release|Any CPU.Build.0 = Release|Any CPU
	EndGlobalSection
	GlobalSection(SolutionProperties) = preSolution
		HideSolutionNode = FALSE
	EndGlobalSection
	GlobalSection(ExtensibilityGlobals) = postSolution
		SolutionGuid = {556535A1-C71B-45F3-A64B-53845F1A0EFA}
	EndGlobalSection
EndGlobal
